
Microsoft Visual Studio Solution File, Format Version 12.00
# Visual Studio 2012
Project("{2150E333-8FDC-42A3-9474-1A3956D46DE8}") = ".nuget", ".nuget", "{B1F39FFF-E931-4193-A6E1-2FB25B514C56}"
	ProjectSection(SolutionItems) = preProject
		.nuget\NuGet.Config = .nuget\NuGet.Config
		.nuget\NuGet.exe = .nuget\NuGet.exe
		.nuget\NuGet.targets = .nuget\NuGet.targets
	EndProjectSection
EndProject
Project("{FAE04EC0-301F-11D3-BF4B-00C04F79EFBC}") = "Code", "Code\Code.csproj", "{35ADA3EC-0EB0-485D-AD50-2FB7A1A880D8}"
EndProject
Project("{FAE04EC0-301F-11D3-BF4B-00C04F79EFBC}") = "PropertyTestsCs", "PropertyTestsCs\PropertyTestsCs.csproj", "{A8FF5581-948B-4B6D-ADC8-7AB2BFD94843}"
EndProject
Global
	GlobalSection(SolutionConfigurationPlatforms) = preSolution
		Debug|Any CPU = Debug|Any CPU
		Release|Any CPU = Release|Any CPU
	EndGlobalSection
	GlobalSection(ProjectConfigurationPlatforms) = postSolution
		{35ADA3EC-0EB0-485D-AD50-2FB7A1A880D8}.Debug|Any CPU.ActiveCfg = Debug|Any CPU
		{35ADA3EC-0EB0-485D-AD50-2FB7A1A880D8}.Debug|Any CPU.Build.0 = Debug|Any CPU
		{35ADA3EC-0EB0-485D-AD50-2FB7A1A880D8}.Release|Any CPU.ActiveCfg = Release|Any CPU
		{35ADA3EC-0EB0-485D-AD50-2FB7A1A880D8}.Release|Any CPU.Build.0 = Release|Any CPU
		{A8FF5581-948B-4B6D-ADC8-7AB2BFD94843}.Debug|Any CPU.ActiveCfg = Debug|Any CPU
		{A8FF5581-948B-4B6D-ADC8-7AB2BFD94843}.Debug|Any CPU.Build.0 = Debug|Any CPU
		{A8FF5581-948B-4B6D-ADC8-7AB2BFD94843}.Release|Any CPU.ActiveCfg = Release|Any CPU
		{A8FF5581-948B-4B6D-ADC8-7AB2BFD94843}.Release|Any CPU.Build.0 = Release|Any CPU
	EndGlobalSection
	GlobalSection(SolutionProperties) = preSolution
		HideSolutionNode = FALSE
	EndGlobalSection
EndGlobal
